
Microsoft Visual Studio Solution File, Format Version 12.00
# Visual Studio Version 17
VisualStudioVersion = 17.0.31903.59
MinimumVisualStudioVersion = 10.0.40219.1
Project("{FAE04EC0-301F-11D3-BF4B-00C04F79EFBC}") = "AspNetReactViteTailwind", "AspNetReactViteTailwind\AspNetReactViteTailwind.csproj", "{EFB07CA3-7B94-4BE3-92E9-2BFEC4303FB9}"
EndProject
Project("{FAE04EC0-301F-11D3-BF4B-00C04F79EFBC}") = "AspNetReactViteTailwind.Tests", "AspNetReactViteTailwind.Tests\AspNetReactViteTailwind.Tests.csproj", "{44143CE9-F9AF-4E46-980F-BB4DBC60EAA3}"
EndProject
Global
	GlobalSection(SolutionConfigurationPlatforms) = preSolution
		Debug|Any CPU = Debug|Any CPU
		Release|Any CPU = Release|Any CPU
	EndGlobalSection
	GlobalSection(SolutionProperties) = preSolution
		HideSolutionNode = FALSE
	EndGlobalSection
	GlobalSection(ProjectConfigurationPlatforms) = postSolution
		{EFB07CA3-7B94-4BE3-92E9-2BFEC4303FB9}.Debug|Any CPU.ActiveCfg = Debug|Any CPU
		{EFB07CA3-7B94-4BE3-92E9-2BFEC4303FB9}.Debug|Any CPU.Build.0 = Debug|Any CPU
		{EFB07CA3-7B94-4BE3-92E9-2BFEC4303FB9}.Release|Any CPU.ActiveCfg = Release|Any CPU
		{EFB07CA3-7B94-4BE3-92E9-2BFEC4303FB9}.Release|Any CPU.Build.0 = Release|Any CPU
		{44143CE9-F9AF-4E46-980F-BB4DBC60EAA3}.Debug|Any CPU.ActiveCfg = Debug|Any CPU
		{44143CE9-F9AF-4E46-980F-BB4DBC60EAA3}.Debug|Any CPU.Build.0 = Debug|Any CPU
		{44143CE9-F9AF-4E46-980F-BB4DBC60EAA3}.Release|Any CPU.ActiveCfg = Release|Any CPU
		{44143CE9-F9AF-4E46-980F-BB4DBC60EAA3}.Release|Any CPU.Build.0 = Release|Any CPU
	EndGlobalSection
EndGlobal
